{
  "name": "dependencyvisualiserweb",
  "version": "1.0.0",
  "lockfileVersion": 1,
  "requires": true,
  "dependencies": {
    "3d-force-graph": {
      "version": "1.49.5",
      "resolved": "https://registry.npmjs.org/3d-force-graph/-/3d-force-graph-1.49.5.tgz",
      "integrity": "sha512-oJugYifetcGNIB9MmR+RtJvm67Ioiee6CppzLIH6eCsEJdrwHKGfgHoWHgjs0VN9rQceZwmMw3W+aurYQ8uvnQ==",
      "requires": {
        "accessor-fn": "1.2.2",
        "kapsule": "1.10.1",
        "three": "0.105.2",
        "three-dragcontrols": "0.88.2",
        "three-forcegraph": "1.21.4",
        "three-render-objects": "1.5.3"
      }
    },
    "@babel/runtime": {
      "version": "7.4.5",
      "resolved": "https://registry.npmjs.org/@babel/runtime/-/runtime-7.4.5.tgz",
      "integrity": "sha512-TuI4qpWZP6lGOGIuGWtp9sPluqYICmbk8T/1vpSysqJxRPkudh/ofFWyqdcMsDf2s7KvDL4/YHgKyvcS3g9CJQ==",
      "requires": {
        "regenerator-runtime": "0.13.2"
      }
    },
    "@tweenjs/tween.js": {
      "version": "17.4.0",
      "resolved": "https://registry.npmjs.org/@tweenjs/tween.js/-/tween.js-17.4.0.tgz",
      "integrity": "sha512-J3fzl1F6wvh8KXVVcIuHN12xi1ZDcPA/0Vix+ZcJYwZWVHUwfIqfvzYXXEw7ybeev6477KCTt9fKydU+ajUqcg=="
    },
    "accessor-fn": {
      "version": "1.2.2",
      "resolved": "https://registry.npmjs.org/accessor-fn/-/accessor-fn-1.2.2.tgz",
      "integrity": "sha1-3VLCcUZTiLKXZKt58iIt7dEeSbI="
    },
    "d3-array": {
      "version": "2.2.0",
      "resolved": "https://registry.npmjs.org/d3-array/-/d3-array-2.2.0.tgz",
      "integrity": "sha512-eE0QmSh6xToqM3sxHiJYg/QFdNn52ZEgmFE8A8abU8GsHvsIOolqH8B70/8+VGAKm5MlwaExhqR3DLIjOJMLPA=="
    },
    "d3-binarytree": {
      "version": "0.1.4",
      "resolved": "https://registry.npmjs.org/d3-binarytree/-/d3-binarytree-0.1.4.tgz",
      "integrity": "sha512-CRnARMxJUbg+Whwa5z+iFRJrV6Au6EodghTjOYSNkx3/dbsPFEwfo9HmcU9GcZ9vsKDTIoHA/awBB8OmO2YENQ=="
    },
    "d3-color": {
      "version": "1.2.3",
      "resolved": "https://registry.npmjs.org/d3-color/-/d3-color-1.2.3.tgz",
      "integrity": "sha512-x37qq3ChOTLd26hnps36lexMRhNXEtVxZ4B25rL0DVdDsGQIJGB18S7y9XDwlDD6MD/ZBzITCf4JjGMM10TZkw=="
    },
    "d3-dispatch": {
      "version": "1.0.5",
      "resolved": "https://registry.npmjs.org/d3-dispatch/-/d3-dispatch-1.0.5.tgz",
      "integrity": "sha512-vwKx+lAqB1UuCeklr6Jh1bvC4SZgbSqbkGBLClItFBIYH4vqDJCA7qfoy14lXmJdnBOdxndAMxjCbImJYW7e6g=="
    },
    "d3-force-3d": {
      "version": "2.0.1",
      "resolved": "https://registry.npmjs.org/d3-force-3d/-/d3-force-3d-2.0.1.tgz",
      "integrity": "sha512-xRrmxNfVsy509qp6gwp3Bk1EDhbuFXmhajI1Egv/dZtwDj0t1tmdrp8w7nLqN1KPrOJKzMNTOhYT20W5CAjKeA==",
      "requires": {
        "d3-binarytree": "0.1.4",
        "d3-dispatch": "1.0.5",
        "d3-octree": "0.1.4",
        "d3-quadtree": "1.0.6",
        "d3-timer": "1.0.9"
      }
    },
    "d3-format": {
      "version": "1.3.2",
      "resolved": "https://registry.npmjs.org/d3-format/-/d3-format-1.3.2.tgz",
      "integrity": "sha512-Z18Dprj96ExragQ0DeGi+SYPQ7pPfRMtUXtsg/ChVIKNBCzjO8XYJvRTC1usblx52lqge56V5ect+frYTQc8WQ=="
    },
    "d3-interpolate": {
      "version": "1.3.2",
      "resolved": "https://registry.npmjs.org/d3-interpolate/-/d3-interpolate-1.3.2.tgz",
      "integrity": "sha512-NlNKGopqaz9qM1PXh9gBF1KSCVh+jSFErrSlD/4hybwoNX/gt1d8CDbDW+3i+5UOHhjC6s6nMvRxcuoMVNgL2w==",
      "requires": {
        "d3-color": "1.2.3"
      }
    },
    "d3-octree": {
      "version": "0.1.4",
      "resolved": "https://registry.npmjs.org/d3-octree/-/d3-octree-0.1.4.tgz",
      "integrity": "sha512-FAvYzxYZtOjFJjsUUJMESGj4W6BF4QwqagwEJr+wUWm/gTWXtI+SDiz8wefBPxs6/PHaxvxgD8k6QXkOQcMlrg=="
    },
    "d3-quadtree": {
      "version": "1.0.6",
      "resolved": "https://registry.npmjs.org/d3-quadtree/-/d3-quadtree-1.0.6.tgz",
      "integrity": "sha512-NUgeo9G+ENQCQ1LsRr2qJg3MQ4DJvxcDNCiohdJGHt5gRhBW6orIB5m5FJ9kK3HNL8g9F4ERVoBzcEwQBfXWVA=="
    },
    "d3-scale": {
      "version": "3.0.0",
      "resolved": "https://registry.npmjs.org/d3-scale/-/d3-scale-3.0.0.tgz",
      "integrity": "sha512-ktic5HBFlAZj2CN8CCl/p/JyY8bMQluN7+fA6ICE6yyoMOnSQAZ1Bb8/5LcNpNKMBMJge+5Vv4pWJhARYlQYFw==",
      "requires": {
        "d3-array": "2.2.0",
        "d3-format": "1.3.2",
        "d3-interpolate": "1.3.2",
        "d3-time": "1.0.11",
        "d3-time-format": "2.1.3"
      }
    },
    "d3-scale-chromatic": {
      "version": "1.3.3",
      "resolved": "https://registry.npmjs.org/d3-scale-chromatic/-/d3-scale-chromatic-1.3.3.tgz",
      "integrity": "sha512-BWTipif1CimXcYfT02LKjAyItX5gKiwxuPRgr4xM58JwlLocWbjPLI7aMEjkcoOQXMkYsmNsvv3d2yl/OKuHHw==",
      "requires": {
        "d3-color": "1.2.3",
        "d3-interpolate": "1.3.2"
      }
    },
    "d3-time": {
      "version": "1.0.11",
      "resolved": "https://registry.npmjs.org/d3-time/-/d3-time-1.0.11.tgz",
      "integrity": "sha512-Z3wpvhPLW4vEScGeIMUckDW7+3hWKOQfAWg/U7PlWBnQmeKQ00gCUsTtWSYulrKNA7ta8hJ+xXc6MHrMuITwEw=="
    },
    "d3-time-format": {
      "version": "2.1.3",
      "resolved": "https://registry.npmjs.org/d3-time-format/-/d3-time-format-2.1.3.tgz",
      "integrity": "sha512-6k0a2rZryzGm5Ihx+aFMuO1GgelgIz+7HhB4PH4OEndD5q2zGn1mDfRdNrulspOfR6JXkb2sThhDK41CSK85QA==",
      "requires": {
        "d3-time": "1.0.11"
      }
    },
    "d3-timer": {
      "version": "1.0.9",
      "resolved": "https://registry.npmjs.org/d3-timer/-/d3-timer-1.0.9.tgz",
      "integrity": "sha512-rT34J5HnQUHhcLvhSB9GjCkN0Ddd5Y8nCwDBG2u6wQEeYxT/Lf51fTFFkldeib/sE/J0clIe0pnCfs6g/lRbyg=="
    },
    "debounce": {
      "version": "1.2.0",
      "resolved": "https://registry.npmjs.org/debounce/-/debounce-1.2.0.tgz",
      "integrity": "sha512-mYtLl1xfZLi1m4RtQYlZgJUNQjl4ZxVnHzIR8nLLgi4q1YT8o/WM+MK/f8yfcc9s5Ir5zRaPZyZU6xs1Syoocg=="
    },
    "jquery": {
      "version": "3.5.0",
      "resolved": "https://registry.npmjs.org/jquery/-/jquery-3.5.0.tgz",
      "integrity": "sha512-Xb7SVYMvygPxbFMpTFQiHh1J7HClEaThguL15N/Gg37Lri/qKyhRGZYzHRyLH8Stq3Aow0LsHO2O2ci86fCrNQ=="
    },
    "kapsule": {
      "version": "1.10.1",
      "resolved": "https://registry.npmjs.org/kapsule/-/kapsule-1.10.1.tgz",
      "integrity": "sha512-Cprn3DhiFMBviPupeh6AGZzvdskJ4aLCEUwGu8/FBKVy++vwwvsVDS4Q5Bm2q+zwrLCC9eaacMAkQ1BvkbAi3A==",
      "requires": {
        "debounce": "1.2.0"
      }
    },
    "ngraph.events": {
      "version": "1.0.0",
      "resolved": "https://registry.npmjs.org/ngraph.events/-/ngraph.events-1.0.0.tgz",
      "integrity": "sha512-Z7wyywdw8IKjOW0bDiOG4FUqX5fwqW7SDMO1huemDXho7Qy1b02RoBkPS43KLIZU2wrW2orju99k8wIr+xXvVA=="
    },
    "ngraph.expose": {
      "version": "0.0.0",
      "resolved": "https://registry.npmjs.org/ngraph.expose/-/ngraph.expose-0.0.0.tgz",
      "integrity": "sha1-dGw0kDo4SMRdAzsUvGRhnqhf5ao="
    },
    "ngraph.forcelayout": {
      "version": "0.5.0",
      "resolved": "https://registry.npmjs.org/ngraph.forcelayout/-/ngraph.forcelayout-0.5.0.tgz",
      "integrity": "sha1-UVEcPh20XT1UNtp137HWrwl5FvU=",
      "requires": {
        "ngraph.events": "0.0.4",
        "ngraph.physics.simulator": "0.3.0"
      },
      "dependencies": {
        "ngraph.events": {
          "version": "0.0.4",
          "resolved": "https://registry.npmjs.org/ngraph.events/-/ngraph.events-0.0.4.tgz",
          "integrity": "sha1-css2RIjdD9fwV0WESfajsXpyLZo="
        }
      }
    },
    "ngraph.forcelayout3d": {
      "version": "1.0.0",
      "resolved": "https://registry.npmjs.org/ngraph.forcelayout3d/-/ngraph.forcelayout3d-1.0.0.tgz",
      "integrity": "sha512-xD8qDH201Q0uaMq4avCMOa4XN8OMyFGn/a7DIRei3PQiajYA/1twefPtPeeag+xqPWeceuqXeFKc/L/N243KVQ==",
      "requires": {
        "ngraph.expose": "1.0.0",
        "ngraph.forcelayout": "1.0.0",
        "ngraph.merge": "1.0.0",
        "ngraph.physics.primitives": "1.0.0",
        "ngraph.quadtreebh3d": "1.0.0",
        "ngraph.random": "1.0.0"
      },
      "dependencies": {
        "ngraph.events": {
          "version": "1.0.0",
          "resolved": "https://registry.npmjs.org/ngraph.events/-/ngraph.events-1.0.0.tgz",
          "integrity": "sha512-Z7wyywdw8IKjOW0bDiOG4FUqX5fwqW7SDMO1huemDXho7Qy1b02RoBkPS43KLIZU2wrW2orju99k8wIr+xXvVA=="
        },
        "ngraph.expose": {
          "version": "1.0.0",
          "resolved": "https://registry.npmjs.org/ngraph.expose/-/ngraph.expose-1.0.0.tgz",
          "integrity": "sha512-xQXBvaN8cuNucgHuOK1aOWb6q6Yn5QcTWzI1XR5+SBPYuJhIDeO3Z8pm7/WdM1dS+ys4mofA5D0MpTDIxP+d5A=="
        },
        "ngraph.forcelayout": {
          "version": "1.0.0",
          "resolved": "https://registry.npmjs.org/ngraph.forcelayout/-/ngraph.forcelayout-1.0.0.tgz",
          "integrity": "sha512-ozILhbe/hZSWIWEdtUb5fOJg0MlRSaBfbea9stjgQ13JVjl9PfO0Px7qj6JdJTGT6p/Q1o9fGLz81iYKH/yjuw==",
          "requires": {
            "ngraph.events": "1.0.0",
            "ngraph.physics.simulator": "1.0.0"
          }
        },
        "ngraph.merge": {
          "version": "1.0.0",
          "resolved": "https://registry.npmjs.org/ngraph.merge/-/ngraph.merge-1.0.0.tgz",
          "integrity": "sha512-5J8YjGITUJeapsomtTALYsw7rFveYkM+lBj3QiYZ79EymQcuri65Nw3knQtFxQBU1r5iOaVRXrSwMENUPK62Vg=="
        },
        "ngraph.physics.primitives": {
          "version": "1.0.0",
          "resolved": "https://registry.npmjs.org/ngraph.physics.primitives/-/ngraph.physics.primitives-1.0.0.tgz",
          "integrity": "sha512-zdxzy76L6PxlWLjeXsvNGgzGaQt8mo7IPSzZseQBIXC2AV7UAdcfSnnE1e+ECihjlqkUdsvgKk+ne3GxU2diHg=="
        },
        "ngraph.physics.simulator": {
          "version": "1.0.0",
          "resolved": "https://registry.npmjs.org/ngraph.physics.simulator/-/ngraph.physics.simulator-1.0.0.tgz",
          "integrity": "sha512-9fpWWIWMKNW9iG/qaLZx5kwEeCER9OPgR2n/M6/VwnrLhTytBNaZ7pmX7/X7+1V/tbFJfZXVoE+7EAH+inCaIg==",
          "requires": {
            "ngraph.events": "1.0.0",
            "ngraph.expose": "1.0.0",
            "ngraph.merge": "1.0.0",
            "ngraph.physics.primitives": "1.0.0",
            "ngraph.quadtreebh": "1.0.0",
            "ngraph.random": "1.0.0"
          }
        },
        "ngraph.quadtreebh": {
          "version": "1.0.0",
          "resolved": "https://registry.npmjs.org/ngraph.quadtreebh/-/ngraph.quadtreebh-1.0.0.tgz",
          "integrity": "sha512-cXc1JOIBu0flCPiIRintjs0G6LDhNmuVjDffq8PQQMP/i1324oQXdhbvlxjBepXjgfB/VIdVvwgfHjSs31A3Ig==",
          "requires": {
            "ngraph.random": "1.0.0"
          }
        },
        "ngraph.quadtreebh3d": {
          "version": "1.0.0",
          "resolved": "https://registry.npmjs.org/ngraph.quadtreebh3d/-/ngraph.quadtreebh3d-1.0.0.tgz",
          "integrity": "sha512-wwhtehVz4tV87DeKH73TIw94LgKXCdprG2BXGN6GvHoS26T6ATJLhUPjEO7wnnrlb5N9d9X8xrYcyCYrcykQDA==",
          "requires": {
            "ngraph.random": "1.0.0"
          }
        },
        "ngraph.random": {
          "version": "1.0.0",
          "resolved": "https://registry.npmjs.org/ngraph.random/-/ngraph.random-1.0.0.tgz",
          "integrity": "sha512-deLYx/kdrchInjD+S7IMCtLAyixWRXC3En9TI0KL2JbWIb8Z9SFv8UfSOLQppMBswy08aiYkoaucfLA7d8Ffcg=="
        }
      }
    },
    "ngraph.graph": {
      "version": "18.0.0",
      "resolved": "https://registry.npmjs.org/ngraph.graph/-/ngraph.graph-18.0.0.tgz",
      "integrity": "sha512-HH39PulrZrFIcO6Qw4Ts3aYqPauAV/6p2lbbtPiFZoUDAASLtfnfg4wtXohy0ZE9Ik51wUgWaZ+FfyKk/SRlzQ==",
      "requires": {
        "ngraph.events": "0.0.3"
      },
      "dependencies": {
        "ngraph.events": {
          "version": "0.0.3",
          "resolved": "https://registry.npmjs.org/ngraph.events/-/ngraph.events-0.0.3.tgz",
          "integrity": "sha1-OPVTFvPSB61jH/lPZiLKjywOh9A="
        }
      }
    },
    "ngraph.merge": {
      "version": "1.0.0",
      "resolved": "https://registry.npmjs.org/ngraph.merge/-/ngraph.merge-1.0.0.tgz",
      "integrity": "sha512-5J8YjGITUJeapsomtTALYsw7rFveYkM+lBj3QiYZ79EymQcuri65Nw3knQtFxQBU1r5iOaVRXrSwMENUPK62Vg=="
    },
    "ngraph.physics.primitives": {
      "version": "0.0.7",
      "resolved": "https://registry.npmjs.org/ngraph.physics.primitives/-/ngraph.physics.primitives-0.0.7.tgz",
      "integrity": "sha1-Xcnhebofkubex3SwHNaJFBILeVs="
    },
    "ngraph.physics.simulator": {
      "version": "0.3.0",
      "resolved": "https://registry.npmjs.org/ngraph.physics.simulator/-/ngraph.physics.simulator-0.3.0.tgz",
      "integrity": "sha1-fKb8PjYXxz4QgFcuqo4E27d+AQI=",
      "requires": {
        "ngraph.events": "0.0.3",
        "ngraph.expose": "0.0.0",
        "ngraph.merge": "0.0.1",
        "ngraph.physics.primitives": "0.0.7",
        "ngraph.quadtreebh": "0.0.4",
        "ngraph.random": "0.0.1"
      },
      "dependencies": {
        "ngraph.events": {
          "version": "0.0.3",
          "resolved": "https://registry.npmjs.org/ngraph.events/-/ngraph.events-0.0.3.tgz",
          "integrity": "sha1-OPVTFvPSB61jH/lPZiLKjywOh9A="
        },
        "ngraph.merge": {
          "version": "0.0.1",
          "resolved": "https://registry.npmjs.org/ngraph.merge/-/ngraph.merge-0.0.1.tgz",
          "integrity": "sha1-5OgM43WBo8lrF9VF46Q8hUNLkCU="
        }
      }
    },
    "ngraph.quadtreebh": {
      "version": "0.0.4",
      "resolved": "https://registry.npmjs.org/ngraph.quadtreebh/-/ngraph.quadtreebh-0.0.4.tgz",
      "integrity": "sha1-xwDUTm5K8HttBQAbo5h/9eLc1iw=",
      "requires": {
        "ngraph.random": "0.0.1"
      }
    },
    "ngraph.quadtreebh3d": {
      "version": "0.0.3",
      "resolved": "https://registry.npmjs.org/ngraph.quadtreebh3d/-/ngraph.quadtreebh3d-0.0.3.tgz",
      "integrity": "sha1-eys2vXef62Rnz7d07lnPk7i3Vqg=",
      "requires": {
        "ngraph.random": "0.0.1"
      }
    },
    "ngraph.random": {
      "version": "0.0.1",
      "resolved": "https://registry.npmjs.org/ngraph.random/-/ngraph.random-0.0.1.tgz",
      "integrity": "sha1-wAji67/f+vF+0Q5LvJE+VnFmvPg="
    },
    "polished": {
      "version": "3.4.0",
      "resolved": "https://registry.npmjs.org/polished/-/polished-3.4.0.tgz",
      "integrity": "sha512-GiuavmunMIKMOEoSPkXoqBYM2ZcI4YIwCaiwmTOQ55Zq4HG2kD0YZt3WlLZ2l3U9XhJ1LM/fgjCFHHffiZP0YQ==",
      "requires": {
        "@babel/runtime": "7.4.5"
      }
    },
    "regenerator-runtime": {
      "version": "0.13.2",
      "resolved": "https://registry.npmjs.org/regenerator-runtime/-/regenerator-runtime-0.13.2.tgz",
      "integrity": "sha512-S/TQAZJO+D3m9xeN1WTI8dLKBBiRgXBlTJvbWjCThHWZj9EvHK70Ff50/tYj2J/fvBY6JtFVwRuazHN2E7M9BA=="
    },
    "three": {
      "version": "0.105.2",
      "resolved": "https://registry.npmjs.org/three/-/three-0.105.2.tgz",
      "integrity": "sha512-L3Al37k4g3hVbgFFS251UVtIc25chhyN0/RvXzR0C+uIBToV6EKDG+MZzEXm9L2miGUVMK27W46/VkP6WUZXMg=="
    },
    "three-dragcontrols": {
      "version": "0.88.2",
      "resolved": "https://registry.npmjs.org/three-dragcontrols/-/three-dragcontrols-0.88.2.tgz",
      "integrity": "sha512-Qqhbo7+K5TAeqlYlUiI0EBp14uI9nbgoLANas3p4v4kz3h5HmOlComV9UhLI2x3BtdCdcHSuiyDL7sTrtP772w=="
    },
    "three-fly-controls": {
      "version": "1.1.0",
      "resolved": "https://registry.npmjs.org/three-fly-controls/-/three-fly-controls-1.1.0.tgz",
      "integrity": "sha1-jqeW2pSsAX9epE7AFbHbXhmkK9A="
    },
    "three-forcegraph": {
      "version": "1.21.4",
      "resolved": "https://registry.npmjs.org/three-forcegraph/-/three-forcegraph-1.21.4.tgz",
      "integrity": "sha512-RlKDlw7zJ934UOTCY88nPmhH1ANvo3ICWgY2LaQ6Z+jM7x0P7jl6TrwQdYYPIidar++1ISeobXyYv/mn6fMlog==",
      "requires": {
        "accessor-fn": "1.2.2",
        "d3-force-3d": "2.0.1",
        "d3-scale": "3.0.0",
        "d3-scale-chromatic": "1.3.3",
        "kapsule": "1.10.1",
        "ngraph.forcelayout": "0.5.0",
        "ngraph.forcelayout3d": "0.0.16",
        "ngraph.graph": "18.0.0",
        "tinycolor2": "1.4.1"
      },
      "dependencies": {
        "ngraph.events": {
          "version": "0.0.3",
          "resolved": "https://registry.npmjs.org/ngraph.events/-/ngraph.events-0.0.3.tgz",
          "integrity": "sha1-OPVTFvPSB61jH/lPZiLKjywOh9A="
        },
        "ngraph.forcelayout3d": {
          "version": "0.0.16",
          "resolved": "https://registry.npmjs.org/ngraph.forcelayout3d/-/ngraph.forcelayout3d-0.0.16.tgz",
          "integrity": "sha1-zp2d9eEmmJPOdFPuuPtTwYlgosE=",
          "requires": {
            "ngraph.expose": "0.0.0",
            "ngraph.forcelayout": "0.0.22",
            "ngraph.merge": "0.0.1",
            "ngraph.physics.primitives": "0.0.7",
            "ngraph.quadtreebh3d": "0.0.3",
            "ngraph.random": "0.0.1"
          },
          "dependencies": {
            "ngraph.forcelayout": {
              "version": "0.0.22",
              "resolved": "https://registry.npmjs.org/ngraph.forcelayout/-/ngraph.forcelayout-0.0.22.tgz",
              "integrity": "sha1-2sa+5PJBC4J6UfM+OnbTDZkGSec=",
              "requires": {
                "ngraph.events": "0.0.3",
                "ngraph.physics.simulator": "0.0.12"
              }
            },
            "ngraph.merge": {
              "version": "0.0.1",
              "resolved": "https://registry.npmjs.org/ngraph.merge/-/ngraph.merge-0.0.1.tgz",
              "integrity": "sha1-5OgM43WBo8lrF9VF46Q8hUNLkCU="
            }
          }
        },
        "ngraph.physics.simulator": {
          "version": "0.0.12",
          "resolved": "https://registry.npmjs.org/ngraph.physics.simulator/-/ngraph.physics.simulator-0.0.12.tgz",
          "integrity": "sha1-JMhZxEDeo2zV2yBbqAoW8SEXQnk=",
          "requires": {
            "ngraph.events": "0.0.3",
            "ngraph.expose": "0.0.0",
            "ngraph.merge": "0.0.1",
            "ngraph.physics.primitives": "0.0.7",
            "ngraph.quadtreebh": "0.0.3",
            "ngraph.random": "0.0.1"
          },
          "dependencies": {
            "ngraph.merge": {
              "version": "0.0.1",
              "resolved": "https://registry.npmjs.org/ngraph.merge/-/ngraph.merge-0.0.1.tgz",
              "integrity": "sha1-5OgM43WBo8lrF9VF46Q8hUNLkCU="
            }
          }
        },
        "ngraph.quadtreebh": {
          "version": "0.0.3",
          "resolved": "https://registry.npmjs.org/ngraph.quadtreebh/-/ngraph.quadtreebh-0.0.3.tgz",
          "integrity": "sha1-mu4qCTGxl4DTStg2FulqJTZ1EpU=",
          "requires": {
            "ngraph.random": "0.0.1"
          }
        }
      }
    },
    "three-orbit-controls": {
      "version": "82.1.0",
      "resolved": "https://registry.npmjs.org/three-orbit-controls/-/three-orbit-controls-82.1.0.tgz",
      "integrity": "sha1-EafzPQog7OyY8Jizd4D2U3N0+rQ="
    },
    "three-render-objects": {
      "version": "1.5.3",
      "resolved": "https://registry.npmjs.org/three-render-objects/-/three-render-objects-1.5.3.tgz",
      "integrity": "sha512-MSuzRemqTMgI8Upt7hxy7PRDbRvIs9H4W6lPlcKIAhxrCpnFGH3RPWn0BiLN0qNZkSMnnEb6Y9CjROyx4PkxlQ==",
      "requires": {
        "@tweenjs/tween.js": "17.4.0",
        "accessor-fn": "1.2.2",
        "kapsule": "1.10.1",
        "polished": "3.4.0",
        "three-fly-controls": "1.1.0",
        "three-orbit-controls": "82.1.0",
        "three-trackballcontrols": "0.0.8"
      }
    },
    "three-spritetext": {
      "version": "1.6.2",
      "resolved": "https://registry.npmjs.org/three-spritetext/-/three-spritetext-1.6.2.tgz",
      "integrity": "sha512-VALj40t81Z6x/fDnY/tts8QU+mBl77bxoynBbcn/DW4oxfzZSwjaOfkQOe0jYpLoK2vtP0bAULvGgwIYnsN6oQ=="
    },
    "three-trackballcontrols": {
      "version": "0.0.8",
      "resolved": "https://registry.npmjs.org/three-trackballcontrols/-/three-trackballcontrols-0.0.8.tgz",
      "integrity": "sha512-9my4rB/ILaJw8E6khOcC6d8F8kEe6BvRtCer9bFJGZOh9txy4BqzwPrG7d8YCKK9MfcyTUoLsB5LKIsbtsZRTg=="
    },
    "tinycolor2": {
      "version": "1.4.1",
      "resolved": "https://registry.npmjs.org/tinycolor2/-/tinycolor2-1.4.1.tgz",
      "integrity": "sha1-9PrTM0R7wLB9TcjpIJ2POaisd+g="
    }
  }
}
